<?xml version="1.0" encoding="utf-8"?>
<Project ToolsVersion="4.0" xmlns="http://schemas.microsoft.com/developer/msbuild/2003">
  <ItemGroup>
    <Filter Include="Source Files">
      <UniqueIdentifier>{53850a7f-331a-4eae-9bb0-fee9875321bc}</UniqueIdentifier>
      <Extensions>cpp;c;cc;cxx;def;idl;odl</Extensions>
    </Filter>
    <Filter Include="Include Files">
      <UniqueIdentifier>{c7f21735-b6ce-4de7-b086-b27d0333f80a}</UniqueIdentifier>
      <Extensions>h;hh;hxx</Extensions>
    </Filter>
    <Filter Include="Resource Files">
      <UniqueIdentifier>{d1c70ff8-195a-4b60-972f-bbd918ba1fac}</UniqueIdentifier>
      <Extensions>rc;ico;bmp;cur;jpg;gif</Extensions>
    </Filter>
    <Filter Include="Miscellaneous Files">
      <UniqueIdentifier>{4d0fef28-07a6-41dd-b5c3-c2c22736f668}</UniqueIdentifier>
      <Extensions>reg;rgs;mak;clw;vsdir;vsz;css;inf;vcproj;csproj</Extensions>
    </Filter>
  </ItemGroup>
  <ItemGroup>
    <ClCompile Include="acrxEntryPoint.cpp">
      <Filter>Source Files</Filter>
    </ClCompile>
    <ClCompile Include="DocData.cpp">
      <Filter>Source Files</Filter>
    </ClCompile>
    <ClCompile Include="CADTextTools.cpp">
      <Filter>Source Files</Filter>
    </ClCompile>
    <ClCompile Include="StdAfx.cpp">
      <Filter>Source Files</Filter>
    </ClCompile>
    <ClCompile Include="CommCommand.cpp">
      <Filter>Source Files</Filter>
    </ClCompile>
    <ClCompile Include="GBatchCopyDialog.cpp">
      <Filter>Source Files</Filter>
    </ClCompile>
    <ClCompile Include="GDateTimeDialog.cpp">
      <Filter>Source Files</Filter>
    </ClCompile>
    <ClCompile Include="GFindDialog.cpp">
      <Filter>Source Files</Filter>
    </ClCompile>
    <ClCompile Include="GFindExt.cpp">
      <Filter>Source Files</Filter>
    </ClCompile>
    <ClCompile Include="GFindParam.cpp">
      <Filter>Source Files</Filter>
    </ClCompile>
    <ClCompile Include="GFindResultItem.cpp">
      <Filter>Source Files</Filter>
    </ClCompile>
    <ClCompile Include="GFindTypeDialog.cpp">
      <Filter>Source Files</Filter>
    </ClCompile>
    <ClCompile Include="GFindTypes.cpp">
      <Filter>Source Files</Filter>
    </ClCompile>
    <ClCompile Include="GItemSelectDialog.cpp">
      <Filter>Source Files</Filter>
    </ClCompile>
    <ClCompile Include="GlobalFunction.cpp">
      <Filter>Source Files</Filter>
    </ClCompile>
    <ClCompile Include="GMTextDialog.cpp">
      <Filter>Source Files</Filter>
    </ClCompile>
    <ClCompile Include="GTextBrushDialog.cpp">
      <Filter>Source Files</Filter>
    </ClCompile>
    <ClCompile Include="GTextDialog.cpp">
      <Filter>Source Files</Filter>
    </ClCompile>
    <ClCompile Include="GTextEditorDialog.cpp">
      <Filter>Source Files</Filter>
    </ClCompile>
    <ClCompile Include="GTextJig.cpp">
      <Filter>Source Files</Filter>
    </ClCompile>
    <ClCompile Include="GTextTools.cpp">
      <Filter>Source Files</Filter>
    </ClCompile>
    <ClCompile Include="TextCommCommand.cpp">
      <Filter>Source Files</Filter>
    </ClCompile>
    <ClCompile Include="TextCrossReportFunction.cpp">
      <Filter>Source Files</Filter>
    </ClCompile>
    <ClCompile Include="TextCrossReportPanel.cpp">
      <Filter>Source Files</Filter>
    </ClCompile>
    <ClCompile Include="TextCrossReportPanelChildDlg.cpp">
      <Filter>Source Files</Filter>
    </ClCompile>
    <ClCompile Include="TextStatistics.cpp">
      <Filter>Source Files</Filter>
    </ClCompile>
  </ItemGroup>
  <ItemGroup>
    <ClInclude Include="DocData.h">
      <Filter>Include Files</Filter>
    </ClInclude>
    <ClInclude Include="Resource.h">
      <Filter>Include Files</Filter>
    </ClInclude>
    <ClInclude Include="StdAfx.h">
      <Filter>Include Files</Filter>
    </ClInclude>
    <ClInclude Include="CommCommand.h">
      <Filter>Include Files</Filter>
    </ClInclude>
    <ClInclude Include="GBatchCopyDialog.h">
      <Filter>Include Files</Filter>
    </ClInclude>
    <ClInclude Include="GDateTimeDialog.h">
      <Filter>Include Files</Filter>
    </ClInclude>
    <ClInclude Include="GFindDialog.h">
      <Filter>Include Files</Filter>
    </ClInclude>
    <ClInclude Include="GFindExt.h">
      <Filter>Include Files</Filter>
    </ClInclude>
    <ClInclude Include="GFindParam.h">
      <Filter>Include Files</Filter>
    </ClInclude>
    <ClInclude Include="GFindResultItem.h">
      <Filter>Include Files</Filter>
    </ClInclude>
    <ClInclude Include="GFindTypeDialog.h">
      <Filter>Include Files</Filter>
    </ClInclude>
    <ClInclude Include="GFindTypes.h">
      <Filter>Include Files</Filter>
    </ClInclude>
    <ClInclude Include="GItemSelectDialog.h">
      <Filter>Include Files</Filter>
    </ClInclude>
    <ClInclude Include="GlobalFunction.h">
      <Filter>Include Files</Filter>
    </ClInclude>
    <ClInclude Include="GLockDocument.h">
      <Filter>Include Files</Filter>
    </ClInclude>
    <ClInclude Include="GMTextDialog.h">
      <Filter>Include Files</Filter>
    </ClInclude>
    <ClInclude Include="GTextBrushDialog.h">
      <Filter>Include Files</Filter>
    </ClInclude>
    <ClInclude Include="GTextDialog.h">
      <Filter>Include Files</Filter>
    </ClInclude>
    <ClInclude Include="GTextEditorDialog.h">
      <Filter>Include Files</Filter>
    </ClInclude>
    <ClInclude Include="GTextJig.h">
      <Filter>Include Files</Filter>
    </ClInclude>
    <ClInclude Include="GTextTools.h">
      <Filter>Include Files</Filter>
    </ClInclude>
    <ClInclude Include="TextCommCommand.h">
      <Filter>Include Files</Filter>
    </ClInclude>
    <ClInclude Include="TextCrossDefine.h">
      <Filter>Include Files</Filter>
    </ClInclude>
    <ClInclude Include="TextCrossReportFunction.h">
      <Filter>Include Files</Filter>
    </ClInclude>
    <ClInclude Include="TextCrossReportPanel.h">
      <Filter>Include Files</Filter>
    </ClInclude>
    <ClInclude Include="TextCrossReportPanelChildDlg.h">
      <Filter>Include Files</Filter>
    </ClInclude>
    <ClInclude Include="TextStatistics.h">
      <Filter>Include Files</Filter>
    </ClInclude>
  </ItemGroup>
  <ItemGroup>
    <ResourceCompile Include="CADTextTools.rc">
      <Filter>Resource Files</Filter>
    </ResourceCompile>
  </ItemGroup>
</Project>