
Microsoft Visual Studio Solution File, Format Version 10.00
# Visual Studio 2008
Project("{8BC9CEB8-8B4A-11D0-8D11-00A0C91BC942}") = "CADCommTools", "CADCommTools\CADCommTools18.vcproj", "{9A686E24-9DA4-4EFD-8B06-90DBE951A5C9}"
	ProjectSection(ProjectDependencies) = postProject
		{7E501FA4-BCC2-46F0-B55C-FDB585B7CC01} = {7E501FA4-BCC2-46F0-B55C-FDB585B7CC01}
		{4937D4E1-C181-4C8C-B69A-DAD849B44B34} = {4937D4E1-C181-4C8C-B69A-DAD849B44B34}
		{153EC5E8-63CE-4EA7-95A2-2762B4626ABA} = {153EC5E8-63CE-4EA7-95A2-2762B4626ABA}
	EndProjectSection
EndProject
Project("{8BC9CEB8-8B4A-11D0-8D11-00A0C91BC942}") = "RegionSerach", "RegionSerach\RegionSerach18.vcproj", "{C1CE1C90-A1B8-4EC0-B8FA-7235BAF4C4CD}"
	ProjectSection(ProjectDependencies) = postProject
		{9A686E24-9DA4-4EFD-8B06-90DBE951A5C9} = {9A686E24-9DA4-4EFD-8B06-90DBE951A5C9}
	EndProjectSection
EndProject
Project("{8BC9CEB8-8B4A-11D0-8D11-00A0C91BC942}") = "RemoveEduStamp", "RemoveEduStamp\RemoveEduStamp18.vcproj", "{EBDBADF9-E40F-4A49-8574-9349ACA3AA8A}"
	ProjectSection(ProjectDependencies) = postProject
		{9A686E24-9DA4-4EFD-8B06-90DBE951A5C9} = {9A686E24-9DA4-4EFD-8B06-90DBE951A5C9}
	EndProjectSection
EndProject
Project("{8BC9CEB8-8B4A-11D0-8D11-00A0C91BC942}") = "CADGlobalTools", "CADGlobalTools\CADGlobalTools18.vcproj", "{4937D4E1-C181-4C8C-B69A-DAD849B44B34}"
EndProject
Project("{8BC9CEB8-8B4A-11D0-8D11-00A0C91BC942}") = "GGridCtrl", "GGridCtrl\GGridCtrl18.vcproj", "{7E501FA4-BCC2-46F0-B55C-FDB585B7CC01}"
EndProject
Project("{8BC9CEB8-8B4A-11D0-8D11-00A0C91BC942}") = "CADTextTools", "CADTextTools\CADTextTools18.vcproj", "{AADDF0C5-90D3-48E4-9EBB-97A8CEF64CA4}"
	ProjectSection(ProjectDependencies) = postProject
		{9A686E24-9DA4-4EFD-8B06-90DBE951A5C9} = {9A686E24-9DA4-4EFD-8B06-90DBE951A5C9}
	EndProjectSection
EndProject
Project("{8BC9CEB8-8B4A-11D0-8D11-00A0C91BC942}") = "BatchPlot", "BatchPlot\BatchPlot18.vcproj", "{4D6D1A1C-23FC-4AEC-AF0E-B5B0D70327E6}"
	ProjectSection(ProjectDependencies) = postProject
		{9A686E24-9DA4-4EFD-8B06-90DBE951A5C9} = {9A686E24-9DA4-4EFD-8B06-90DBE951A5C9}
		{4937D4E1-C181-4C8C-B69A-DAD849B44B34} = {4937D4E1-C181-4C8C-B69A-DAD849B44B34}
	EndProjectSection
EndProject
Project("{8BC9CEB8-8B4A-11D0-8D11-00A0C91BC942}") = "DwgCompareEx", "DwgCompareEx\DwgCompareEx18.vcproj", "{CB0BEF0C-D6E6-4844-84AA-E1D13CE3F64B}"
	ProjectSection(ProjectDependencies) = postProject
		{9A686E24-9DA4-4EFD-8B06-90DBE951A5C9} = {9A686E24-9DA4-4EFD-8B06-90DBE951A5C9}
	EndProjectSection
EndProject
Project("{8BC9CEB8-8B4A-11D0-8D11-00A0C91BC942}") = "CADConfigTools", "CADConfigTools\CADConfigTools18.vcproj", "{153EC5E8-63CE-4EA7-95A2-2762B4626ABA}"
	ProjectSection(ProjectDependencies) = postProject
		{7E501FA4-BCC2-46F0-B55C-FDB585B7CC01} = {7E501FA4-BCC2-46F0-B55C-FDB585B7CC01}
		{4937D4E1-C181-4C8C-B69A-DAD849B44B34} = {4937D4E1-C181-4C8C-B69A-DAD849B44B34}
	EndProjectSection
EndProject
Project("{8BC9CEB8-8B4A-11D0-8D11-00A0C91BC942}") = "CADDimTools", "CADDimTools\CADDimTools18.vcproj", "{7B8A79F1-5C45-437B-B66A-420F214D42A5}"
	ProjectSection(ProjectDependencies) = postProject
		{9A686E24-9DA4-4EFD-8B06-90DBE951A5C9} = {9A686E24-9DA4-4EFD-8B06-90DBE951A5C9}
		{7E501FA4-BCC2-46F0-B55C-FDB585B7CC01} = {7E501FA4-BCC2-46F0-B55C-FDB585B7CC01}
		{4937D4E1-C181-4C8C-B69A-DAD849B44B34} = {4937D4E1-C181-4C8C-B69A-DAD849B44B34}
		{153EC5E8-63CE-4EA7-95A2-2762B4626ABA} = {153EC5E8-63CE-4EA7-95A2-2762B4626ABA}
	EndProjectSection
EndProject
Project("{8BC9CEB8-8B4A-11D0-8D11-00A0C91BC942}") = "CADBlockTools", "CADBlockTools\CADBlockTools18.vcproj", "{4BDEC278-4348-4418-A7B8-684C749BCCC9}"
	ProjectSection(ProjectDependencies) = postProject
		{9A686E24-9DA4-4EFD-8B06-90DBE951A5C9} = {9A686E24-9DA4-4EFD-8B06-90DBE951A5C9}
		{4937D4E1-C181-4C8C-B69A-DAD849B44B34} = {4937D4E1-C181-4C8C-B69A-DAD849B44B34}
		{153EC5E8-63CE-4EA7-95A2-2762B4626ABA} = {153EC5E8-63CE-4EA7-95A2-2762B4626ABA}
	EndProjectSection
EndProject
Project("{8BC9CEB8-8B4A-11D0-8D11-00A0C91BC942}") = "CADLayerTools", "CADLayerTools\CADLayerTools18.vcproj", "{6BD0C686-76F9-4828-B7D1-D7CF9D5A93F2}"
	ProjectSection(ProjectDependencies) = postProject
		{9A686E24-9DA4-4EFD-8B06-90DBE951A5C9} = {9A686E24-9DA4-4EFD-8B06-90DBE951A5C9}
		{4937D4E1-C181-4C8C-B69A-DAD849B44B34} = {4937D4E1-C181-4C8C-B69A-DAD849B44B34}
		{153EC5E8-63CE-4EA7-95A2-2762B4626ABA} = {153EC5E8-63CE-4EA7-95A2-2762B4626ABA}
	EndProjectSection
EndProject
Global
	GlobalSection(SolutionConfigurationPlatforms) = preSolution
		Debug|Win32 = Debug|Win32
		Release|Win32 = Release|Win32
	EndGlobalSection
	GlobalSection(ProjectConfigurationPlatforms) = postSolution
		{9A686E24-9DA4-4EFD-8B06-90DBE951A5C9}.Debug|Win32.ActiveCfg = Debug|Win32
		{9A686E24-9DA4-4EFD-8B06-90DBE951A5C9}.Debug|Win32.Build.0 = Debug|Win32
		{9A686E24-9DA4-4EFD-8B06-90DBE951A5C9}.Release|Win32.ActiveCfg = Release|Win32
		{9A686E24-9DA4-4EFD-8B06-90DBE951A5C9}.Release|Win32.Build.0 = Release|Win32
		{C1CE1C90-A1B8-4EC0-B8FA-7235BAF4C4CD}.Debug|Win32.ActiveCfg = Debug|Win32
		{C1CE1C90-A1B8-4EC0-B8FA-7235BAF4C4CD}.Debug|Win32.Build.0 = Debug|Win32
		{C1CE1C90-A1B8-4EC0-B8FA-7235BAF4C4CD}.Release|Win32.ActiveCfg = Release|Win32
		{C1CE1C90-A1B8-4EC0-B8FA-7235BAF4C4CD}.Release|Win32.Build.0 = Release|Win32
		{EBDBADF9-E40F-4A49-8574-9349ACA3AA8A}.Debug|Win32.ActiveCfg = Debug|Win32
		{EBDBADF9-E40F-4A49-8574-9349ACA3AA8A}.Debug|Win32.Build.0 = Debug|Win32
		{EBDBADF9-E40F-4A49-8574-9349ACA3AA8A}.Release|Win32.ActiveCfg = Release|Win32
		{EBDBADF9-E40F-4A49-8574-9349ACA3AA8A}.Release|Win32.Build.0 = Release|Win32
		{4937D4E1-C181-4C8C-B69A-DAD849B44B34}.Debug|Win32.ActiveCfg = Debug|Win32
		{4937D4E1-C181-4C8C-B69A-DAD849B44B34}.Debug|Win32.Build.0 = Debug|Win32
		{4937D4E1-C181-4C8C-B69A-DAD849B44B34}.Release|Win32.ActiveCfg = Release|Win32
		{4937D4E1-C181-4C8C-B69A-DAD849B44B34}.Release|Win32.Build.0 = Release|Win32
		{7E501FA4-BCC2-46F0-B55C-FDB585B7CC01}.Debug|Win32.ActiveCfg = Debug|Win32
		{7E501FA4-BCC2-46F0-B55C-FDB585B7CC01}.Debug|Win32.Build.0 = Debug|Win32
		{7E501FA4-BCC2-46F0-B55C-FDB585B7CC01}.Release|Win32.ActiveCfg = Release|Win32
		{7E501FA4-BCC2-46F0-B55C-FDB585B7CC01}.Release|Win32.Build.0 = Release|Win32
		{AADDF0C5-90D3-48E4-9EBB-97A8CEF64CA4}.Debug|Win32.ActiveCfg = Debug|Win32
		{AADDF0C5-90D3-48E4-9EBB-97A8CEF64CA4}.Debug|Win32.Build.0 = Debug|Win32
		{AADDF0C5-90D3-48E4-9EBB-97A8CEF64CA4}.Release|Win32.ActiveCfg = Release|Win32
		{AADDF0C5-90D3-48E4-9EBB-97A8CEF64CA4}.Release|Win32.Build.0 = Release|Win32
		{4D6D1A1C-23FC-4AEC-AF0E-B5B0D70327E6}.Debug|Win32.ActiveCfg = Debug|Win32
		{4D6D1A1C-23FC-4AEC-AF0E-B5B0D70327E6}.Debug|Win32.Build.0 = Debug|Win32
		{4D6D1A1C-23FC-4AEC-AF0E-B5B0D70327E6}.Release|Win32.ActiveCfg = Release|Win32
		{4D6D1A1C-23FC-4AEC-AF0E-B5B0D70327E6}.Release|Win32.Build.0 = Release|Win32
		{CB0BEF0C-D6E6-4844-84AA-E1D13CE3F64B}.Debug|Win32.ActiveCfg = Debug|Win32
		{CB0BEF0C-D6E6-4844-84AA-E1D13CE3F64B}.Debug|Win32.Build.0 = Debug|Win32
		{CB0BEF0C-D6E6-4844-84AA-E1D13CE3F64B}.Release|Win32.ActiveCfg = Release|Win32
		{CB0BEF0C-D6E6-4844-84AA-E1D13CE3F64B}.Release|Win32.Build.0 = Release|Win32
		{153EC5E8-63CE-4EA7-95A2-2762B4626ABA}.Debug|Win32.ActiveCfg = Debug|Win32
		{153EC5E8-63CE-4EA7-95A2-2762B4626ABA}.Debug|Win32.Build.0 = Debug|Win32
		{153EC5E8-63CE-4EA7-95A2-2762B4626ABA}.Release|Win32.ActiveCfg = Release|Win32
		{153EC5E8-63CE-4EA7-95A2-2762B4626ABA}.Release|Win32.Build.0 = Release|Win32
		{7B8A79F1-5C45-437B-B66A-420F214D42A5}.Debug|Win32.ActiveCfg = Debug|Win32
		{7B8A79F1-5C45-437B-B66A-420F214D42A5}.Debug|Win32.Build.0 = Debug|Win32
		{7B8A79F1-5C45-437B-B66A-420F214D42A5}.Release|Win32.ActiveCfg = Release|Win32
		{7B8A79F1-5C45-437B-B66A-420F214D42A5}.Release|Win32.Build.0 = Release|Win32
		{4BDEC278-4348-4418-A7B8-684C749BCCC9}.Debug|Win32.ActiveCfg = Debug|Win32
		{4BDEC278-4348-4418-A7B8-684C749BCCC9}.Debug|Win32.Build.0 = Debug|Win32
		{4BDEC278-4348-4418-A7B8-684C749BCCC9}.Release|Win32.ActiveCfg = Release|Win32
		{4BDEC278-4348-4418-A7B8-684C749BCCC9}.Release|Win32.Build.0 = Release|Win32
		{6BD0C686-76F9-4828-B7D1-D7CF9D5A93F2}.Debug|Win32.ActiveCfg = Debug|Win32
		{6BD0C686-76F9-4828-B7D1-D7CF9D5A93F2}.Debug|Win32.Build.0 = Debug|Win32
		{6BD0C686-76F9-4828-B7D1-D7CF9D5A93F2}.Release|Win32.ActiveCfg = Release|Win32
		{6BD0C686-76F9-4828-B7D1-D7CF9D5A93F2}.Release|Win32.Build.0 = Release|Win32
	EndGlobalSection
	GlobalSection(SolutionProperties) = preSolution
		HideSolutionNode = FALSE
	EndGlobalSection
EndGlobal
