Microsoft Visual Studio Solution File, Format Version 7.00
Project("{8BC9CEB8-8B4A-11D0-8D11-00A0C91BC942}") = "CADCommTools", "CADCommTools\CADCommTools16.vcproj", "{A9FC9DBB-3827-4D35-B813-C6E86AF75345}"
EndProject
Project("{8BC9CEB8-8B4A-11D0-8D11-00A0C91BC942}") = "RegionSerach", "RegionSerach\RegionSerach16.vcproj", "{C1CE1C90-A1B8-4EC0-B8FA-7235BAF4C4CD}"
EndProject
Project("{8BC9CEB8-8B4A-11D0-8D11-00A0C91BC942}") = "RemoveEduStamp", "RemoveEduStamp\RemoveEduStamp16.vcproj", "{EBDBADF9-E40F-4A49-8574-9349ACA3AA8A}"
EndProject
Project("{8BC9CEB8-8B4A-11D0-8D11-00A0C91BC942}") = "GGridCtrl", "GGridCtrl\GGridCtrl16.vcproj", "{7E501FA4-BCC2-46F0-B55C-FDB585B7CC01}"
EndProject
Project("{8BC9CEB8-8B4A-11D0-8D11-00A0C91BC942}") = "CADGlobalTools", "CADGlobalTools\CADGlobalTools16.vcproj", "{4937D4E1-C181-4C8C-B69A-DAD849B44B34}"
EndProject
Project("{8BC9CEB8-8B4A-11D0-8D11-00A0C91BC942}") = "CADTextTools", "CADTextTools\CADTextTools16.vcproj", "{AADDF0C5-90D3-48E4-9EBB-97A8CEF64CA4}"
EndProject
Project("{8BC9CEB8-8B4A-11D0-8D11-00A0C91BC942}") = "BatchPlot", "BatchPlot\BatchPlot16.vcproj", "{4D6D1A1C-23FC-4AEC-AF0E-B5B0D70327E6}"
EndProject
Project("{8BC9CEB8-8B4A-11D0-8D11-00A0C91BC942}") = "DwgCompareEx", "DwgCompareEx\DwgCompareEx16.vcproj", "{CB0BEF0C-D6E6-4844-84AA-E1D13CE3F64B}"
EndProject
Project("{8BC9CEB8-8B4A-11D0-8D11-00A0C91BC942}") = "CADConfigTools", "CADConfigTools\CADConfigTools16.vcproj", "{153EC5E8-63CE-4EA7-95A2-2762B4626ABA}"
EndProject
Project("{8BC9CEB8-8B4A-11D0-8D11-00A0C91BC942}") = "CADDimTools", "CADDimTools\CADDimTools16.vcproj", "{7B8A79F1-5C45-437B-B66A-420F214D42A5}"
EndProject
Project("{8BC9CEB8-8B4A-11D0-8D11-00A0C91BC942}") = "CADBlockTools", "CADBlockTools\CADBlockTools16.vcproj", "{4BDEC278-4348-4418-A7B8-684C749BCCC9}"
EndProject
Project("{8BC9CEB8-8B4A-11D0-8D11-00A0C91BC942}") = "CADLayerTools", "CADLayerTools\CADLayerTools16.vcproj", "{6BD0C686-76F9-4828-B7D1-D7CF9D5A93F2}"
EndProject
Global
	GlobalSection(SolutionConfiguration) = preSolution
		ConfigName.0 = Debug
		ConfigName.1 = Release
	EndGlobalSection
	GlobalSection(ProjectDependencies) = postSolution
		{A9FC9DBB-3827-4D35-B813-C6E86AF75345}.0 = {7E501FA4-BCC2-46F0-B55C-FDB585B7CC01}
		{A9FC9DBB-3827-4D35-B813-C6E86AF75345}.1 = {4937D4E1-C181-4C8C-B69A-DAD849B44B34}
		{C1CE1C90-A1B8-4EC0-B8FA-7235BAF4C4CD}.0 = {A9FC9DBB-3827-4D35-B813-C6E86AF75345}
		{EBDBADF9-E40F-4A49-8574-9349ACA3AA8A}.0 = {A9FC9DBB-3827-4D35-B813-C6E86AF75345}
		{AADDF0C5-90D3-48E4-9EBB-97A8CEF64CA4}.0 = {7E501FA4-BCC2-46F0-B55C-FDB585B7CC01}
		{AADDF0C5-90D3-48E4-9EBB-97A8CEF64CA4}.1 = {4937D4E1-C181-4C8C-B69A-DAD849B44B34}
		{AADDF0C5-90D3-48E4-9EBB-97A8CEF64CA4}.2 = {A9FC9DBB-3827-4D35-B813-C6E86AF75345}
	EndGlobalSection
	GlobalSection(ProjectConfiguration) = postSolution
		{A9FC9DBB-3827-4D35-B813-C6E86AF75345}.Debug.ActiveCfg = Debug|Win32
		{A9FC9DBB-3827-4D35-B813-C6E86AF75345}.Debug.Build.0 = Debug|Win32
		{A9FC9DBB-3827-4D35-B813-C6E86AF75345}.Release.ActiveCfg = Release|Win32
		{A9FC9DBB-3827-4D35-B813-C6E86AF75345}.Release.Build.0 = Release|Win32
		{C1CE1C90-A1B8-4EC0-B8FA-7235BAF4C4CD}.Debug.ActiveCfg = Debug|Win32
		{C1CE1C90-A1B8-4EC0-B8FA-7235BAF4C4CD}.Debug.Build.0 = Debug|Win32
		{C1CE1C90-A1B8-4EC0-B8FA-7235BAF4C4CD}.Release.ActiveCfg = Release|Win32
		{C1CE1C90-A1B8-4EC0-B8FA-7235BAF4C4CD}.Release.Build.0 = Release|Win32
		{EBDBADF9-E40F-4A49-8574-9349ACA3AA8A}.Debug.ActiveCfg = Debug|Win32
		{EBDBADF9-E40F-4A49-8574-9349ACA3AA8A}.Debug.Build.0 = Debug|Win32
		{EBDBADF9-E40F-4A49-8574-9349ACA3AA8A}.Release.ActiveCfg = Release|Win32
		{EBDBADF9-E40F-4A49-8574-9349ACA3AA8A}.Release.Build.0 = Release|Win32
		{7E501FA4-BCC2-46F0-B55C-FDB585B7CC01}.Debug.ActiveCfg = Debug|Win32
		{7E501FA4-BCC2-46F0-B55C-FDB585B7CC01}.Debug.Build.0 = Debug|Win32
		{7E501FA4-BCC2-46F0-B55C-FDB585B7CC01}.Release.ActiveCfg = Release|Win32
		{7E501FA4-BCC2-46F0-B55C-FDB585B7CC01}.Release.Build.0 = Release|Win32
		{4937D4E1-C181-4C8C-B69A-DAD849B44B34}.Debug.ActiveCfg = Debug|Win32
		{4937D4E1-C181-4C8C-B69A-DAD849B44B34}.Debug.Build.0 = Debug|Win32
		{4937D4E1-C181-4C8C-B69A-DAD849B44B34}.Release.ActiveCfg = Release|Win32
		{4937D4E1-C181-4C8C-B69A-DAD849B44B34}.Release.Build.0 = Release|Win32
		{AADDF0C5-90D3-48E4-9EBB-97A8CEF64CA4}.Debug.ActiveCfg = Debug|Win32
		{AADDF0C5-90D3-48E4-9EBB-97A8CEF64CA4}.Debug.Build.0 = Debug|Win32
		{AADDF0C5-90D3-48E4-9EBB-97A8CEF64CA4}.Release.ActiveCfg = Release|Win32
		{AADDF0C5-90D3-48E4-9EBB-97A8CEF64CA4}.Release.Build.0 = Release|Win32
		{4D6D1A1C-23FC-4AEC-AF0E-B5B0D70327E6}.Debug.ActiveCfg = Debug|Win32
		{4D6D1A1C-23FC-4AEC-AF0E-B5B0D70327E6}.Debug.Build.0 = Debug|Win32
		{4D6D1A1C-23FC-4AEC-AF0E-B5B0D70327E6}.Release.ActiveCfg = Release|Win32
		{4D6D1A1C-23FC-4AEC-AF0E-B5B0D70327E6}.Release.Build.0 = Release|Win32
		{CB0BEF0C-D6E6-4844-84AA-E1D13CE3F64B}.Debug.ActiveCfg = Debug|Win32
		{CB0BEF0C-D6E6-4844-84AA-E1D13CE3F64B}.Debug.Build.0 = Debug|Win32
		{CB0BEF0C-D6E6-4844-84AA-E1D13CE3F64B}.Release.ActiveCfg = Release|Win32
		{CB0BEF0C-D6E6-4844-84AA-E1D13CE3F64B}.Release.Build.0 = Release|Win32
		{153EC5E8-63CE-4EA7-95A2-2762B4626ABA}.Debug.ActiveCfg = Debug|Win32
		{153EC5E8-63CE-4EA7-95A2-2762B4626ABA}.Debug.Build.0 = Debug|Win32
		{153EC5E8-63CE-4EA7-95A2-2762B4626ABA}.Release.ActiveCfg = Release|Win32
		{153EC5E8-63CE-4EA7-95A2-2762B4626ABA}.Release.Build.0 = Release|Win32
		{7B8A79F1-5C45-437B-B66A-420F214D42A5}.Debug.ActiveCfg = Debug|Win32
		{7B8A79F1-5C45-437B-B66A-420F214D42A5}.Debug.Build.0 = Debug|Win32
		{7B8A79F1-5C45-437B-B66A-420F214D42A5}.Release.ActiveCfg = Release|Win32
		{7B8A79F1-5C45-437B-B66A-420F214D42A5}.Release.Build.0 = Release|Win32
		{4BDEC278-4348-4418-A7B8-684C749BCCC9}.Debug.ActiveCfg = Debug|Win32
		{4BDEC278-4348-4418-A7B8-684C749BCCC9}.Debug.Build.0 = Debug|Win32
		{4BDEC278-4348-4418-A7B8-684C749BCCC9}.Release.ActiveCfg = Release|Win32
		{4BDEC278-4348-4418-A7B8-684C749BCCC9}.Release.Build.0 = Release|Win32
		{6BD0C686-76F9-4828-B7D1-D7CF9D5A93F2}.Debug.ActiveCfg = Debug|Win32
		{6BD0C686-76F9-4828-B7D1-D7CF9D5A93F2}.Debug.Build.0 = Debug|Win32
		{6BD0C686-76F9-4828-B7D1-D7CF9D5A93F2}.Release.ActiveCfg = Release|Win32
		{6BD0C686-76F9-4828-B7D1-D7CF9D5A93F2}.Release.Build.0 = Release|Win32
	EndGlobalSection
	GlobalSection(ExtensibilityGlobals) = postSolution
	EndGlobalSection
	GlobalSection(ExtensibilityAddIns) = postSolution
	EndGlobalSection
EndGlobal
